<?xml version="1.0" encoding="UTF-8" standalone="yes" ?>
<CodeBlocks_project_file>
	<FileVersion major="1" minor="6" />
	<Project>
		<Option title="scorepress-gtk" />
		<Option makefile_is_custom="1" />
		<Option execution_dir="/home/dominik/sources/cpp/score/scorepress-gtk" />
		<Option pch_mode="0" />
		<Option default_target="install" />
		<Option compiler="gcc" />
		<Build>
			<Target title="all">
				<Option output="build/scorepress" prefix_auto="0" extension_auto="0" />
				<Option working_dir="build" />
				<Option object_output="/home/dominik/sources/cpp/score/scorepress-gtk/.objs" />
				<Option type="1" />
				<Option compiler="gcc" />
			</Target>
			<Target title="install">
				<Option output="../build/bin/scorepress" prefix_auto="0" extension_auto="0" />
				<Option working_dir="../build/bin" />
				<Option object_output="/home/dominik/sources/cpp/score/scorepress-gtk/.objs" />
				<Option type="1" />
				<Option compiler="gcc" />
			</Target>
			<Target title="uninstall">
				<Option type="4" />
				<Option compiler="gcc" />
			</Target>
			<Target title="clean">
				<Option type="4" />
				<Option compiler="gcc" />
			</Target>
		</Build>
		<Compiler>
			<Add option="-Wall" />
			<Add option="`pkg-config gtkmm-3.0 --cflags`" />
			<Add option="`pkg-config librsvg-2.0 --cflags`" />
			<Add option="`pkg-config libxml-2.0 --cflags`" />
			<Add directory="/home/dominik/sources/cpp/score/libscorepress/src" />
		</Compiler>
		<Linker>
			<Add option="`pkg-config gtkmm-3.0 --libs`" />
			<Add option="`pkg-config librsvg-2.0 --libs`" />
			<Add option="`pkg-config libxml-2.0 --libs`" />
			<Add library="libscorepress" />
			<Add directory="/home/dominik/sources/cpp/score/libscorepress" />
		</Linker>
		<ExtraCommands>
			<Add before="if [ ! -e Makefile ]; then LDFLAGS=-L${home}/sources/cpp/score/build/lib CFLAGS=-I${home}/sources/cpp/score/build/include/libscorepress-0.2.6 ./configure --enable-debug --prefix=${home}/sources/cpp/score/build; fi" />
		</ExtraCommands>
		<Unit filename="src/about_dialog.cpp">
			<Option target="&lt;{~None~}&gt;" />
		</Unit>
		<Unit filename="src/about_dialog.hh">
			<Option target="&lt;{~None~}&gt;" />
		</Unit>
		<Unit filename="src/application.cpp">
			<Option target="&lt;{~None~}&gt;" />
		</Unit>
		<Unit filename="src/application.hh">
			<Option target="&lt;{~None~}&gt;" />
		</Unit>
		<Unit filename="src/config.cpp">
			<Option target="&lt;{~None~}&gt;" />
		</Unit>
		<Unit filename="src/config.hh.ac">
			<Option target="&lt;{~None~}&gt;" />
		</Unit>
		<Unit filename="src/controller.cpp">
			<Option target="&lt;{~None~}&gt;" />
		</Unit>
		<Unit filename="src/controller.hh">
			<Option target="&lt;{~None~}&gt;" />
		</Unit>
		<Unit filename="src/i18n.hh">
			<Option target="&lt;{~None~}&gt;" />
		</Unit>
		<Unit filename="src/icon_manager.cpp">
			<Option target="&lt;{~None~}&gt;" />
		</Unit>
		<Unit filename="src/icon_manager.hh">
			<Option target="&lt;{~None~}&gt;" />
		</Unit>
		<Unit filename="src/key_listener.cpp">
			<Option target="&lt;{~None~}&gt;" />
		</Unit>
		<Unit filename="src/key_listener.hh">
			<Option target="&lt;{~None~}&gt;" />
		</Unit>
		<Unit filename="src/key_map.cpp">
			<Option target="&lt;{~None~}&gt;" />
		</Unit>
		<Unit filename="src/key_map.hh">
			<Option target="&lt;{~None~}&gt;" />
		</Unit>
		<Unit filename="src/main.cpp">
			<Option target="&lt;{~None~}&gt;" />
		</Unit>
		<Unit filename="src/mainwnd-ui.xml">
			<Option target="&lt;{~None~}&gt;" />
		</Unit>
		<Unit filename="src/mainwnd.cpp">
			<Option target="&lt;{~None~}&gt;" />
		</Unit>
		<Unit filename="src/mainwnd.hh">
			<Option target="&lt;{~None~}&gt;" />
		</Unit>
		<Unit filename="src/rsvg_renderer.cpp">
			<Option target="&lt;{~None~}&gt;" />
		</Unit>
		<Unit filename="src/rsvg_renderer.hh">
			<Option target="&lt;{~None~}&gt;" />
		</Unit>
		<Unit filename="src/score_widget.cpp">
			<Option target="&lt;{~None~}&gt;" />
		</Unit>
		<Unit filename="src/score_widget.hh">
			<Option target="&lt;{~None~}&gt;" />
		</Unit>
		<Unit filename="src/view.cpp">
			<Option target="&lt;{~None~}&gt;" />
		</Unit>
		<Unit filename="src/view.hh">
			<Option target="&lt;{~None~}&gt;" />
		</Unit>
		<Extensions>
			<code_completion />
			<debugger />
			<envvars />
		</Extensions>
	</Project>
</CodeBlocks_project_file>
